
Microsoft Visual Studio Solution File, Format Version 12.00
# Visual Studio Version 17
VisualStudioVersion = 17.3.32819.101
MinimumVisualStudioVersion = 10.0.40219.1
Project("{9A19103F-16F7-4668-BE54-9A1E7A4F7556}") = "BatchRename", "BatchRename\BatchRename.csproj", "{67EA8A45-748B-419D-891A-7C887F825018}"
EndProject
Project("{9A19103F-16F7-4668-BE54-9A1E7A4F7556}") = "Contact", "Contact\Contact.csproj", "{9E3812B9-F8E5-40C7-942D-13A37C2AEA10}"
EndProject
Project("{9A19103F-16F7-4668-BE54-9A1E7A4F7556}") = "RemoveAllSpaceBeginEndRule", "RemoveAllSpaceBeginEnd\RemoveAllSpaceBeginEndRule.csproj", "{93CD5487-91B0-43E1-BCAA-629A55634494}"
EndProject
Project("{9A19103F-16F7-4668-BE54-9A1E7A4F7556}") = "LowerCaseAndRemoveAllSpacesRule", "LowerCaseAndRemoveAllSpacesRule\LowerCaseAndRemoveAllSpacesRule.csproj", "{F1F3E061-13CE-4098-A296-B0EBA0167014}"
EndProject
Project("{9A19103F-16F7-4668-BE54-9A1E7A4F7556}") = "ConvertPascalCaseRule", "ConvertPascalCaseRule\ConvertPascalCaseRule.csproj", "{F5B29DA2-D05B-4B40-AE95-C38766FE8D54}"
EndProject
Project("{9A19103F-16F7-4668-BE54-9A1E7A4F7556}") = "AddPrefixRule", "AddPrefixRule\AddPrefixRule.csproj", "{D992E9B4-D043-40C3-B59E-5DBE4767AD88}"
EndProject
Project("{9A19103F-16F7-4668-BE54-9A1E7A4F7556}") = "AddSuffixRule", "AddSuffix\AddSuffixRule.csproj", "{E04AF6B8-C9D2-46D1-9930-953463E0F50A}"
EndProject
Project("{9A19103F-16F7-4668-BE54-9A1E7A4F7556}") = "ChangeExtensionRule", "ChangeExtension\ChangeExtensionRule.csproj", "{4378260A-48C3-4124-8C12-2D5C827AFB12}"
EndProject
Project("{9A19103F-16F7-4668-BE54-9A1E7A4F7556}") = "ReplaceCharacterRule", "ReplaceCharacter\ReplaceCharacterRule.csproj", "{D75FF48B-F69C-4472-ACB5-065611B048DF}"
EndProject
Project("{FAE04EC0-301F-11D3-BF4B-00C04F79EFBC}") = "AddCounterRule", "AddCounter\AddCounterRule.csproj", "{EF0D67D5-7598-4833-8951-01D1C1FCA08A}"
EndProject
Global
	GlobalSection(SolutionConfigurationPlatforms) = preSolution
		Debug|Any CPU = Debug|Any CPU
		Release|Any CPU = Release|Any CPU
	EndGlobalSection
	GlobalSection(ProjectConfigurationPlatforms) = postSolution
		{67EA8A45-748B-419D-891A-7C887F825018}.Debug|Any CPU.ActiveCfg = Debug|Any CPU
		{67EA8A45-748B-419D-891A-7C887F825018}.Debug|Any CPU.Build.0 = Debug|Any CPU
		{67EA8A45-748B-419D-891A-7C887F825018}.Release|Any CPU.ActiveCfg = Release|Any CPU
		{67EA8A45-748B-419D-891A-7C887F825018}.Release|Any CPU.Build.0 = Release|Any CPU
		{9E3812B9-F8E5-40C7-942D-13A37C2AEA10}.Debug|Any CPU.ActiveCfg = Debug|Any CPU
		{9E3812B9-F8E5-40C7-942D-13A37C2AEA10}.Debug|Any CPU.Build.0 = Debug|Any CPU
		{9E3812B9-F8E5-40C7-942D-13A37C2AEA10}.Release|Any CPU.ActiveCfg = Release|Any CPU
		{9E3812B9-F8E5-40C7-942D-13A37C2AEA10}.Release|Any CPU.Build.0 = Release|Any CPU
		{93CD5487-91B0-43E1-BCAA-629A55634494}.Debug|Any CPU.ActiveCfg = Debug|Any CPU
		{93CD5487-91B0-43E1-BCAA-629A55634494}.Debug|Any CPU.Build.0 = Debug|Any CPU
		{93CD5487-91B0-43E1-BCAA-629A55634494}.Release|Any CPU.ActiveCfg = Release|Any CPU
		{93CD5487-91B0-43E1-BCAA-629A55634494}.Release|Any CPU.Build.0 = Release|Any CPU
		{F1F3E061-13CE-4098-A296-B0EBA0167014}.Debug|Any CPU.ActiveCfg = Debug|Any CPU
		{F1F3E061-13CE-4098-A296-B0EBA0167014}.Debug|Any CPU.Build.0 = Debug|Any CPU
		{F1F3E061-13CE-4098-A296-B0EBA0167014}.Release|Any CPU.ActiveCfg = Release|Any CPU
		{F1F3E061-13CE-4098-A296-B0EBA0167014}.Release|Any CPU.Build.0 = Release|Any CPU
		{F5B29DA2-D05B-4B40-AE95-C38766FE8D54}.Debug|Any CPU.ActiveCfg = Debug|Any CPU
		{F5B29DA2-D05B-4B40-AE95-C38766FE8D54}.Debug|Any CPU.Build.0 = Debug|Any CPU
		{F5B29DA2-D05B-4B40-AE95-C38766FE8D54}.Release|Any CPU.ActiveCfg = Release|Any CPU
		{F5B29DA2-D05B-4B40-AE95-C38766FE8D54}.Release|Any CPU.Build.0 = Release|Any CPU
		{D992E9B4-D043-40C3-B59E-5DBE4767AD88}.Debug|Any CPU.ActiveCfg = Debug|Any CPU
		{D992E9B4-D043-40C3-B59E-5DBE4767AD88}.Debug|Any CPU.Build.0 = Debug|Any CPU
		{D992E9B4-D043-40C3-B59E-5DBE4767AD88}.Release|Any CPU.ActiveCfg = Release|Any CPU
		{D992E9B4-D043-40C3-B59E-5DBE4767AD88}.Release|Any CPU.Build.0 = Release|Any CPU
		{E04AF6B8-C9D2-46D1-9930-953463E0F50A}.Debug|Any CPU.ActiveCfg = Debug|Any CPU
		{E04AF6B8-C9D2-46D1-9930-953463E0F50A}.Debug|Any CPU.Build.0 = Debug|Any CPU
		{E04AF6B8-C9D2-46D1-9930-953463E0F50A}.Release|Any CPU.ActiveCfg = Release|Any CPU
		{E04AF6B8-C9D2-46D1-9930-953463E0F50A}.Release|Any CPU.Build.0 = Release|Any CPU
		{4378260A-48C3-4124-8C12-2D5C827AFB12}.Debug|Any CPU.ActiveCfg = Debug|Any CPU
		{4378260A-48C3-4124-8C12-2D5C827AFB12}.Debug|Any CPU.Build.0 = Debug|Any CPU
		{4378260A-48C3-4124-8C12-2D5C827AFB12}.Release|Any CPU.ActiveCfg = Release|Any CPU
		{4378260A-48C3-4124-8C12-2D5C827AFB12}.Release|Any CPU.Build.0 = Release|Any CPU
		{D75FF48B-F69C-4472-ACB5-065611B048DF}.Debug|Any CPU.ActiveCfg = Debug|Any CPU
		{D75FF48B-F69C-4472-ACB5-065611B048DF}.Debug|Any CPU.Build.0 = Debug|Any CPU
		{D75FF48B-F69C-4472-ACB5-065611B048DF}.Release|Any CPU.ActiveCfg = Release|Any CPU
		{D75FF48B-F69C-4472-ACB5-065611B048DF}.Release|Any CPU.Build.0 = Release|Any CPU
		{EF0D67D5-7598-4833-8951-01D1C1FCA08A}.Debug|Any CPU.ActiveCfg = Debug|Any CPU
		{EF0D67D5-7598-4833-8951-01D1C1FCA08A}.Debug|Any CPU.Build.0 = Debug|Any CPU
		{EF0D67D5-7598-4833-8951-01D1C1FCA08A}.Release|Any CPU.ActiveCfg = Release|Any CPU
		{EF0D67D5-7598-4833-8951-01D1C1FCA08A}.Release|Any CPU.Build.0 = Release|Any CPU
	EndGlobalSection
	GlobalSection(SolutionProperties) = preSolution
		HideSolutionNode = FALSE
	EndGlobalSection
	GlobalSection(ExtensibilityGlobals) = postSolution
		SolutionGuid = {B2D307C3-61B6-455C-93A7-DC0DDE526230}
	EndGlobalSection
EndGlobal
